
Microsoft Visual Studio Solution File, Format Version 12.00
# Visual Studio Version 16
VisualStudioVersion = 16.0.30114.128
MinimumVisualStudioVersion = 10.0.40219.1
Project("{2150E333-8FDC-42A3-9474-1A3956D46DE8}") = "Core", "Core", "{3701D774-89D4-4487-9968-38175389A8B3}"
EndProject
Project("{2150E333-8FDC-42A3-9474-1A3956D46DE8}") = "Presentation", "Presentation", "{BE5F1221-7EE5-4CA4-950C-37B046A50584}"
EndProject
Project("{2150E333-8FDC-42A3-9474-1A3956D46DE8}") = "Infrastructure", "Infrastructure", "{CBBDBDFC-6C24-4E33-B49C-9CE6545A38E9}"
EndProject
Project("{FAE04EC0-301F-11D3-BF4B-00C04F79EFBC}") = "Domain", "Domain\Domain.csproj", "{4C71630C-B845-4079-80DA-6508A91045A9}"
EndProject
Project("{FAE04EC0-301F-11D3-BF4B-00C04F79EFBC}") = "Application", "Application\Application.csproj", "{4C0C8A0E-9EF0-4BAC-96C9-2D39269EA518}"
EndProject
Project("{FAE04EC0-301F-11D3-BF4B-00C04F79EFBC}") = "Persistence", "Persistence\Persistence.csproj", "{237F83FE-EA0B-4863-A3AF-55FFE4194828}"
EndProject
Project("{FAE04EC0-301F-11D3-BF4B-00C04F79EFBC}") = "WebApi", "WebApi\WebApi.csproj", "{C2FE0E63-613B-4FC0-BBEF-369059572434}"
EndProject
Global
	GlobalSection(SolutionConfigurationPlatforms) = preSolution
		Debug|Any CPU = Debug|Any CPU
		Release|Any CPU = Release|Any CPU
	EndGlobalSection
	GlobalSection(ProjectConfigurationPlatforms) = postSolution
		{4C71630C-B845-4079-80DA-6508A91045A9}.Debug|Any CPU.ActiveCfg = Debug|Any CPU
		{4C71630C-B845-4079-80DA-6508A91045A9}.Debug|Any CPU.Build.0 = Debug|Any CPU
		{4C71630C-B845-4079-80DA-6508A91045A9}.Release|Any CPU.ActiveCfg = Release|Any CPU
		{4C71630C-B845-4079-80DA-6508A91045A9}.Release|Any CPU.Build.0 = Release|Any CPU
		{4C0C8A0E-9EF0-4BAC-96C9-2D39269EA518}.Debug|Any CPU.ActiveCfg = Debug|Any CPU
		{4C0C8A0E-9EF0-4BAC-96C9-2D39269EA518}.Debug|Any CPU.Build.0 = Debug|Any CPU
		{4C0C8A0E-9EF0-4BAC-96C9-2D39269EA518}.Release|Any CPU.ActiveCfg = Release|Any CPU
		{4C0C8A0E-9EF0-4BAC-96C9-2D39269EA518}.Release|Any CPU.Build.0 = Release|Any CPU
		{237F83FE-EA0B-4863-A3AF-55FFE4194828}.Debug|Any CPU.ActiveCfg = Debug|Any CPU
		{237F83FE-EA0B-4863-A3AF-55FFE4194828}.Debug|Any CPU.Build.0 = Debug|Any CPU
		{237F83FE-EA0B-4863-A3AF-55FFE4194828}.Release|Any CPU.ActiveCfg = Release|Any CPU
		{237F83FE-EA0B-4863-A3AF-55FFE4194828}.Release|Any CPU.Build.0 = Release|Any CPU
		{C2FE0E63-613B-4FC0-BBEF-369059572434}.Debug|Any CPU.ActiveCfg = Debug|Any CPU
		{C2FE0E63-613B-4FC0-BBEF-369059572434}.Debug|Any CPU.Build.0 = Debug|Any CPU
		{C2FE0E63-613B-4FC0-BBEF-369059572434}.Release|Any CPU.ActiveCfg = Release|Any CPU
		{C2FE0E63-613B-4FC0-BBEF-369059572434}.Release|Any CPU.Build.0 = Release|Any CPU
	EndGlobalSection
	GlobalSection(SolutionProperties) = preSolution
		HideSolutionNode = FALSE
	EndGlobalSection
	GlobalSection(NestedProjects) = preSolution
		{4C71630C-B845-4079-80DA-6508A91045A9} = {3701D774-89D4-4487-9968-38175389A8B3}
		{4C0C8A0E-9EF0-4BAC-96C9-2D39269EA518} = {3701D774-89D4-4487-9968-38175389A8B3}
		{237F83FE-EA0B-4863-A3AF-55FFE4194828} = {CBBDBDFC-6C24-4E33-B49C-9CE6545A38E9}
		{C2FE0E63-613B-4FC0-BBEF-369059572434} = {BE5F1221-7EE5-4CA4-950C-37B046A50584}
	EndGlobalSection
	GlobalSection(ExtensibilityGlobals) = postSolution
		SolutionGuid = {5756B9E6-8CC0-4702-B1F4-4D77DA793F3C}
	EndGlobalSection
EndGlobal
